
Microsoft Visual Studio Solution File, Format Version 12.00
# Visual Studio Version 16
VisualStudioVersion = 16.0.30011.22
MinimumVisualStudioVersion = 10.0.40219.1
Project("{FAE04EC0-301F-11D3-BF4B-00C04F79EFBC}") = "IraqCOVID19Stats", "IraqCOVID19Stats\IraqCOVID19Stats.csproj", "{5672F558-53CC-4A1E-A387-0890EF88BB5A}"
EndProject
Global
	GlobalSection(SolutionConfigurationPlatforms) = preSolution
		Debug|Any CPU = Debug|Any CPU
		Release|Any CPU = Release|Any CPU
	EndGlobalSection
	GlobalSection(ProjectConfigurationPlatforms) = postSolution
		{5672F558-53CC-4A1E-A387-0890EF88BB5A}.Debug|Any CPU.ActiveCfg = Debug|Any CPU
		{5672F558-53CC-4A1E-A387-0890EF88BB5A}.Debug|Any CPU.Build.0 = Debug|Any CPU
		{5672F558-53CC-4A1E-A387-0890EF88BB5A}.Release|Any CPU.ActiveCfg = Release|Any CPU
		{5672F558-53CC-4A1E-A387-0890EF88BB5A}.Release|Any CPU.Build.0 = Release|Any CPU
	EndGlobalSection
	GlobalSection(SolutionProperties) = preSolution
		HideSolutionNode = FALSE
	EndGlobalSection
	GlobalSection(ExtensibilityGlobals) = postSolution
		SolutionGuid = {AE1E4C77-7D55-4236-8ED9-07BC411256EE}
	EndGlobalSection
EndGlobal
